
Microsoft Visual Studio Solution File, Format Version 12.00
# Visual Studio Version 17
VisualStudioVersion = 17.14.36414.22 d17.14
MinimumVisualStudioVersion = 10.0.40219.1
Project("{FAE04EC0-301F-11D3-BF4B-00C04F79EFBC}") = "MED", "MED.csproj", "{7B435EB7-D291-4774-A56E-3A177857F854}"
EndProject
Global
	GlobalSection(SolutionConfigurationPlatforms) = preSolution
		Debug|Any CPU = Debug|Any CPU
		Release|Any CPU = Release|Any CPU
	EndGlobalSection
	GlobalSection(ProjectConfigurationPlatforms) = postSolution
		{7B435EB7-D291-4774-A56E-3A177857F854}.Debug|Any CPU.ActiveCfg = Debug|Any CPU
		{7B435EB7-D291-4774-A56E-3A177857F854}.Debug|Any CPU.Build.0 = Debug|Any CPU
		{7B435EB7-D291-4774-A56E-3A177857F854}.Release|Any CPU.ActiveCfg = Release|Any CPU
		{7B435EB7-D291-4774-A56E-3A177857F854}.Release|Any CPU.Build.0 = Release|Any CPU
	EndGlobalSection
	GlobalSection(SolutionProperties) = preSolution
		HideSolutionNode = FALSE
	EndGlobalSection
	GlobalSection(ExtensibilityGlobals) = postSolution
		SolutionGuid = {E622F59D-C671-46F8-B60D-F6CB096B717B}
	EndGlobalSection
EndGlobal
